
Microsoft Visual Studio Solution File, Format Version 12.00
# Visual Studio 2012
Project("{FAE04EC0-301F-11D3-BF4B-00C04F79EFBC}") = "MainUI", "MainUI\MainUI.csproj", "{aca49529-16b5-4aa8-afc3-3436d862bb62}"
EndProject
Global
	GlobalSection(SolutionConfigurationPlatforms) = preSolution
		Debug|Any CPU = Debug|Any CPU
		Release|Any CPU = Release|Any CPU
	EndGlobalSection
	GlobalSection(ProjectConfigurationPlatforms) = postSolution
		{ACA49529-16B5-4AA8-AFC3-3436D862BB62}.Debug|Any CPU.ActiveCfg = Debug|Any CPU
		{ACA49529-16B5-4AA8-AFC3-3436D862BB62}.Debug|Any CPU.Build.0 = Debug|Any CPU
		{ACA49529-16B5-4AA8-AFC3-3436D862BB62}.Release|Any CPU.ActiveCfg = Release|Any CPU
		{ACA49529-16B5-4AA8-AFC3-3436D862BB62}.Release|Any CPU.Build.0 = Release|Any CPU
	EndGlobalSection
EndGlobal
